dependencies:
- name: pubsub
  repository: gs://g5-multiverse-helm3-repositories
  version: 1.0.0
- name: node-web-service
  repository: gs://g5-multiverse-helm3-repositories
  version: 0.1.0
digest: sha256:1a32deaa8a141ec39b07c4fb3d0f38dd3f43b1903a20cac23bb372d5deef6dbf
generated: "2023-02-27T08:40:54.777012-08:00"
